
Microsoft Visual Studio Solution File, Format Version 11.00
# Visual Studio 2010
Project("{FAE04EC0-301F-11D3-BF4B-00C04F79EFBC}") = "Assembly-CSharp", "Assembly-CSharp.csproj", "{BEDEF808-ABE6-5ECA-14FF-582B7F28BED9}"
EndProject
Project("{FAE04EC0-301F-11D3-BF4B-00C04F79EFBC}") = "Assembly-CSharp-Editor", "Assembly-CSharp-Editor.csproj", "{10340467-4369-C54F-FADF-6AD94DFBDE79}"
EndProject
Global
	GlobalSection(SolutionConfigurationPlatforms) = preSolution
		Debug|Any CPU = Debug|Any CPU
		Release|Any CPU = Release|Any CPU
	EndGlobalSection
	GlobalSection(ProjectConfigurationPlatforms) = postSolution
		{BEDEF808-ABE6-5ECA-14FF-582B7F28BED9}.Debug|Any CPU.ActiveCfg = Debug|Any CPU
		{BEDEF808-ABE6-5ECA-14FF-582B7F28BED9}.Debug|Any CPU.Build.0 = Debug|Any CPU
		{BEDEF808-ABE6-5ECA-14FF-582B7F28BED9}.Release|Any CPU.ActiveCfg = Release|Any CPU
		{BEDEF808-ABE6-5ECA-14FF-582B7F28BED9}.Release|Any CPU.Build.0 = Release|Any CPU
		{10340467-4369-C54F-FADF-6AD94DFBDE79}.Debug|Any CPU.ActiveCfg = Debug|Any CPU
		{10340467-4369-C54F-FADF-6AD94DFBDE79}.Debug|Any CPU.Build.0 = Debug|Any CPU
		{10340467-4369-C54F-FADF-6AD94DFBDE79}.Release|Any CPU.ActiveCfg = Release|Any CPU
		{10340467-4369-C54F-FADF-6AD94DFBDE79}.Release|Any CPU.Build.0 = Release|Any CPU
	EndGlobalSection
	GlobalSection(SolutionProperties) = preSolution
		HideSolutionNode = FALSE
	EndGlobalSection
EndGlobal
